
Microsoft Visual Studio Solution File, Format Version 12.00
# Visual Studio Version 17
VisualStudioVersion = 17.2.32526.322
MinimumVisualStudioVersion = 10.0.40219.1
Project("{FAE04EC0-301F-11D3-BF4B-00C04F79EFBC}") = "Practical_4_8_1_ConsoleApp1", "Practical_4_8_1_ConsoleApp1\Practical_4_8_1_ConsoleApp1.csproj", "{29D6A175-CC78-4416-9D31-659493F3757F}"
EndProject
Global
	GlobalSection(SolutionConfigurationPlatforms) = preSolution
		Debug|Any CPU = Debug|Any CPU
		Release|Any CPU = Release|Any CPU
	EndGlobalSection
	GlobalSection(ProjectConfigurationPlatforms) = postSolution
		{29D6A175-CC78-4416-9D31-659493F3757F}.Debug|Any CPU.ActiveCfg = Debug|Any CPU
		{29D6A175-CC78-4416-9D31-659493F3757F}.Debug|Any CPU.Build.0 = Debug|Any CPU
		{29D6A175-CC78-4416-9D31-659493F3757F}.Release|Any CPU.ActiveCfg = Release|Any CPU
		{29D6A175-CC78-4416-9D31-659493F3757F}.Release|Any CPU.Build.0 = Release|Any CPU
	EndGlobalSection
	GlobalSection(SolutionProperties) = preSolution
		HideSolutionNode = FALSE
	EndGlobalSection
	GlobalSection(ExtensibilityGlobals) = postSolution
		SolutionGuid = {84BF58A2-06AB-438E-A873-7809522D78EB}
	EndGlobalSection
EndGlobal
